
Microsoft Visual Studio Solution File, Format Version 12.00
# Visual Studio 15
VisualStudioVersion = 15.0.27703.2000
MinimumVisualStudioVersion = 10.0.40219.1
Project("{FAE04EC0-301F-11D3-BF4B-00C04F79EFBC}") = "Redesigned_Archon_Assist_", "Redesigned_Archon_Assist_\Redesigned_Archon_Assist_.csproj", "{29C5D853-4B02-4CBD-BC2E-69AA667F2C2C}"
EndProject
Global
	GlobalSection(SolutionConfigurationPlatforms) = preSolution
		Debug|Any CPU = Debug|Any CPU
		Release|Any CPU = Release|Any CPU
	EndGlobalSection
	GlobalSection(ProjectConfigurationPlatforms) = postSolution
		{29C5D853-4B02-4CBD-BC2E-69AA667F2C2C}.Debug|Any CPU.ActiveCfg = Debug|Any CPU
		{29C5D853-4B02-4CBD-BC2E-69AA667F2C2C}.Debug|Any CPU.Build.0 = Debug|Any CPU
		{29C5D853-4B02-4CBD-BC2E-69AA667F2C2C}.Release|Any CPU.ActiveCfg = Release|Any CPU
		{29C5D853-4B02-4CBD-BC2E-69AA667F2C2C}.Release|Any CPU.Build.0 = Release|Any CPU
	EndGlobalSection
	GlobalSection(SolutionProperties) = preSolution
		HideSolutionNode = FALSE
	EndGlobalSection
	GlobalSection(ExtensibilityGlobals) = postSolution
		SolutionGuid = {FF534E2D-1CCD-4C77-A6EA-40801946E850}
	EndGlobalSection
EndGlobal
